
Microsoft Visual Studio Solution File, Format Version 12.00
# Visual Studio Version 16
VisualStudioVersion = 16.0.31205.134
MinimumVisualStudioVersion = 10.0.40219.1
Project("{FAE04EC0-301F-11D3-BF4B-00C04F79EFBC}") = "TripsAndTravelSystem", "TripsAndTravelSystem\TripsAndTravelSystem.csproj", "{9D0813DC-9460-46B7-A188-2A9F73E11898}"
EndProject
Global
	GlobalSection(SolutionConfigurationPlatforms) = preSolution
		Debug|Any CPU = Debug|Any CPU
		Release|Any CPU = Release|Any CPU
	EndGlobalSection
	GlobalSection(ProjectConfigurationPlatforms) = postSolution
		{9D0813DC-9460-46B7-A188-2A9F73E11898}.Debug|Any CPU.ActiveCfg = Debug|Any CPU
		{9D0813DC-9460-46B7-A188-2A9F73E11898}.Debug|Any CPU.Build.0 = Debug|Any CPU
		{9D0813DC-9460-46B7-A188-2A9F73E11898}.Release|Any CPU.ActiveCfg = Release|Any CPU
		{9D0813DC-9460-46B7-A188-2A9F73E11898}.Release|Any CPU.Build.0 = Release|Any CPU
	EndGlobalSection
	GlobalSection(SolutionProperties) = preSolution
		HideSolutionNode = FALSE
	EndGlobalSection
	GlobalSection(ExtensibilityGlobals) = postSolution
		SolutionGuid = {7EB24246-83A4-459F-8DC0-5CAEC5E90B39}
	EndGlobalSection
EndGlobal
